
Microsoft Visual Studio Solution File, Format Version 12.00
# Visual Studio Version 17
VisualStudioVersion = 17.8.34330.188
MinimumVisualStudioVersion = 10.0.40219.1
Project("{00D1A9C2-B5F0-4AF3-8072-F6C62B433612}") = "Geode.Db", "Geode.Db\Geode.Db.sqlproj", "{3B0177D0-B4D0-4CDB-82AC-638061ED5BAD}"
EndProject
Project("{9A19103F-16F7-4668-BE54-9A1E7A4F7556}") = "Geode.API", "Geode.API\Geode.API.csproj", "{533C1A09-E811-4210-B5B8-6394DD3432E7}"
EndProject
Project("{2150E333-8FDC-42A3-9474-1A3956D46DE8}") = "Geode.Infrastructure", "Geode.Infrastructure", "{3B377458-E67C-424D-A721-2934B8C4C69C}"
EndProject
Project("{9A19103F-16F7-4668-BE54-9A1E7A4F7556}") = "DataAccess", "DataAccess\DataAccess.csproj", "{FF83BECB-BA8D-44D8-A6B2-951236185950}"
EndProject
Project("{9A19103F-16F7-4668-BE54-9A1E7A4F7556}") = "Application", "Application\Application.csproj", "{D5B55CCF-7F44-418C-B231-68E35813ACE3}"
EndProject
Project("{9A19103F-16F7-4668-BE54-9A1E7A4F7556}") = "Geode.Maui", "Geode.Maui\Geode.Maui.csproj", "{E199061C-1AF8-4BB0-AE43-C27947250919}"
EndProject
Project("{9A19103F-16F7-4668-BE54-9A1E7A4F7556}") = "Auth", "Auth\Auth.csproj", "{0390D776-004A-44EB-B76F-4FD7C7BB7781}"
EndProject
Project("{2150E333-8FDC-42A3-9474-1A3956D46DE8}") = "Tests", "Tests", "{81003F95-E21F-4FC9-B66F-CDFE99A348E2}"
EndProject
Project("{9A19103F-16F7-4668-BE54-9A1E7A4F7556}") = "Geode.DataAccess.Tests", "Geode.DataAccess.Tests\Geode.DataAccess.Tests.csproj", "{0C0C18C5-5325-4929-A608-BA151D99A048}"
EndProject
Project("{9A19103F-16F7-4668-BE54-9A1E7A4F7556}") = "Geode.Auth.Tests", "Geode.Auth.Tests\Geode.Auth.Tests.csproj", "{45056C73-4D6F-4AFE-8432-6EB65F3C7941}"
EndProject
Project("{9A19103F-16F7-4668-BE54-9A1E7A4F7556}") = "Geode.Application.Tests", "Geode.Application.Tests\Geode.Application.Tests.csproj", "{9C0CE263-1EA6-466E-B1BC-DFA70B579AEB}"
EndProject
Project("{2150E333-8FDC-42A3-9474-1A3956D46DE8}") = "IntegrationTests", "IntegrationTests", "{F540BB07-5890-49FD-9673-2F88E1CB11B6}"
EndProject
Project("{9A19103F-16F7-4668-BE54-9A1E7A4F7556}") = "Geode.Api.IntegrationTests", "Geode.Api.IntegrationTests\Geode.Api.IntegrationTests.csproj", "{72D88520-25E9-4DCE-8704-944A1D00414E}"
EndProject
Project("{FAE04EC0-301F-11D3-BF4B-00C04F79EFBC}") = "Geode.Api.Tests", "Geode.Api.Tests\Geode.Api.Tests.csproj", "{BAEDED2A-6748-4CE0-8EF6-DD882AA07313}"
EndProject
Global
	GlobalSection(SolutionConfigurationPlatforms) = preSolution
		Debug|Any CPU = Debug|Any CPU
		Release|Any CPU = Release|Any CPU
	EndGlobalSection
	GlobalSection(ProjectConfigurationPlatforms) = postSolution
		{3B0177D0-B4D0-4CDB-82AC-638061ED5BAD}.Debug|Any CPU.ActiveCfg = Debug|Any CPU
		{3B0177D0-B4D0-4CDB-82AC-638061ED5BAD}.Debug|Any CPU.Build.0 = Debug|Any CPU
		{3B0177D0-B4D0-4CDB-82AC-638061ED5BAD}.Debug|Any CPU.Deploy.0 = Debug|Any CPU
		{3B0177D0-B4D0-4CDB-82AC-638061ED5BAD}.Release|Any CPU.ActiveCfg = Release|Any CPU
		{3B0177D0-B4D0-4CDB-82AC-638061ED5BAD}.Release|Any CPU.Build.0 = Release|Any CPU
		{3B0177D0-B4D0-4CDB-82AC-638061ED5BAD}.Release|Any CPU.Deploy.0 = Release|Any CPU
		{533C1A09-E811-4210-B5B8-6394DD3432E7}.Debug|Any CPU.ActiveCfg = Debug|Any CPU
		{533C1A09-E811-4210-B5B8-6394DD3432E7}.Debug|Any CPU.Build.0 = Debug|Any CPU
		{533C1A09-E811-4210-B5B8-6394DD3432E7}.Release|Any CPU.ActiveCfg = Release|Any CPU
		{533C1A09-E811-4210-B5B8-6394DD3432E7}.Release|Any CPU.Build.0 = Release|Any CPU
		{FF83BECB-BA8D-44D8-A6B2-951236185950}.Debug|Any CPU.ActiveCfg = Debug|Any CPU
		{FF83BECB-BA8D-44D8-A6B2-951236185950}.Debug|Any CPU.Build.0 = Debug|Any CPU
		{FF83BECB-BA8D-44D8-A6B2-951236185950}.Release|Any CPU.ActiveCfg = Release|Any CPU
		{FF83BECB-BA8D-44D8-A6B2-951236185950}.Release|Any CPU.Build.0 = Release|Any CPU
		{D5B55CCF-7F44-418C-B231-68E35813ACE3}.Debug|Any CPU.ActiveCfg = Debug|Any CPU
		{D5B55CCF-7F44-418C-B231-68E35813ACE3}.Debug|Any CPU.Build.0 = Debug|Any CPU
		{D5B55CCF-7F44-418C-B231-68E35813ACE3}.Release|Any CPU.ActiveCfg = Release|Any CPU
		{D5B55CCF-7F44-418C-B231-68E35813ACE3}.Release|Any CPU.Build.0 = Release|Any CPU
		{E199061C-1AF8-4BB0-AE43-C27947250919}.Debug|Any CPU.ActiveCfg = Debug|Any CPU
		{E199061C-1AF8-4BB0-AE43-C27947250919}.Debug|Any CPU.Build.0 = Debug|Any CPU
		{E199061C-1AF8-4BB0-AE43-C27947250919}.Debug|Any CPU.Deploy.0 = Debug|Any CPU
		{E199061C-1AF8-4BB0-AE43-C27947250919}.Release|Any CPU.ActiveCfg = Release|Any CPU
		{E199061C-1AF8-4BB0-AE43-C27947250919}.Release|Any CPU.Build.0 = Release|Any CPU
		{E199061C-1AF8-4BB0-AE43-C27947250919}.Release|Any CPU.Deploy.0 = Release|Any CPU
		{0390D776-004A-44EB-B76F-4FD7C7BB7781}.Debug|Any CPU.ActiveCfg = Debug|Any CPU
		{0390D776-004A-44EB-B76F-4FD7C7BB7781}.Debug|Any CPU.Build.0 = Debug|Any CPU
		{0390D776-004A-44EB-B76F-4FD7C7BB7781}.Release|Any CPU.ActiveCfg = Release|Any CPU
		{0390D776-004A-44EB-B76F-4FD7C7BB7781}.Release|Any CPU.Build.0 = Release|Any CPU
		{0C0C18C5-5325-4929-A608-BA151D99A048}.Debug|Any CPU.ActiveCfg = Debug|Any CPU
		{0C0C18C5-5325-4929-A608-BA151D99A048}.Debug|Any CPU.Build.0 = Debug|Any CPU
		{0C0C18C5-5325-4929-A608-BA151D99A048}.Release|Any CPU.ActiveCfg = Release|Any CPU
		{0C0C18C5-5325-4929-A608-BA151D99A048}.Release|Any CPU.Build.0 = Release|Any CPU
		{45056C73-4D6F-4AFE-8432-6EB65F3C7941}.Debug|Any CPU.ActiveCfg = Debug|Any CPU
		{45056C73-4D6F-4AFE-8432-6EB65F3C7941}.Debug|Any CPU.Build.0 = Debug|Any CPU
		{45056C73-4D6F-4AFE-8432-6EB65F3C7941}.Release|Any CPU.ActiveCfg = Release|Any CPU
		{45056C73-4D6F-4AFE-8432-6EB65F3C7941}.Release|Any CPU.Build.0 = Release|Any CPU
		{9C0CE263-1EA6-466E-B1BC-DFA70B579AEB}.Debug|Any CPU.ActiveCfg = Debug|Any CPU
		{9C0CE263-1EA6-466E-B1BC-DFA70B579AEB}.Debug|Any CPU.Build.0 = Debug|Any CPU
		{9C0CE263-1EA6-466E-B1BC-DFA70B579AEB}.Release|Any CPU.ActiveCfg = Release|Any CPU
		{9C0CE263-1EA6-466E-B1BC-DFA70B579AEB}.Release|Any CPU.Build.0 = Release|Any CPU
		{72D88520-25E9-4DCE-8704-944A1D00414E}.Debug|Any CPU.ActiveCfg = Debug|Any CPU
		{72D88520-25E9-4DCE-8704-944A1D00414E}.Debug|Any CPU.Build.0 = Debug|Any CPU
		{72D88520-25E9-4DCE-8704-944A1D00414E}.Release|Any CPU.ActiveCfg = Release|Any CPU
		{72D88520-25E9-4DCE-8704-944A1D00414E}.Release|Any CPU.Build.0 = Release|Any CPU
		{BAEDED2A-6748-4CE0-8EF6-DD882AA07313}.Debug|Any CPU.ActiveCfg = Debug|Any CPU
		{BAEDED2A-6748-4CE0-8EF6-DD882AA07313}.Debug|Any CPU.Build.0 = Debug|Any CPU
		{BAEDED2A-6748-4CE0-8EF6-DD882AA07313}.Release|Any CPU.ActiveCfg = Release|Any CPU
		{BAEDED2A-6748-4CE0-8EF6-DD882AA07313}.Release|Any CPU.Build.0 = Release|Any CPU
	EndGlobalSection
	GlobalSection(SolutionProperties) = preSolution
		HideSolutionNode = FALSE
	EndGlobalSection
	GlobalSection(NestedProjects) = preSolution
		{FF83BECB-BA8D-44D8-A6B2-951236185950} = {3B377458-E67C-424D-A721-2934B8C4C69C}
		{D5B55CCF-7F44-418C-B231-68E35813ACE3} = {3B377458-E67C-424D-A721-2934B8C4C69C}
		{0390D776-004A-44EB-B76F-4FD7C7BB7781} = {3B377458-E67C-424D-A721-2934B8C4C69C}
		{0C0C18C5-5325-4929-A608-BA151D99A048} = {81003F95-E21F-4FC9-B66F-CDFE99A348E2}
		{45056C73-4D6F-4AFE-8432-6EB65F3C7941} = {81003F95-E21F-4FC9-B66F-CDFE99A348E2}
		{9C0CE263-1EA6-466E-B1BC-DFA70B579AEB} = {81003F95-E21F-4FC9-B66F-CDFE99A348E2}
		{72D88520-25E9-4DCE-8704-944A1D00414E} = {F540BB07-5890-49FD-9673-2F88E1CB11B6}
		{BAEDED2A-6748-4CE0-8EF6-DD882AA07313} = {81003F95-E21F-4FC9-B66F-CDFE99A348E2}
	EndGlobalSection
	GlobalSection(ExtensibilityGlobals) = postSolution
		SolutionGuid = {4DB096B1-6D64-48C7-B54D-63F02624636C}
	EndGlobalSection
EndGlobal
